
Microsoft Visual Studio Solution File, Format Version 12.00
# Visual Studio Version 17
VisualStudioVersion = 17.0.31903.59
MinimumVisualStudioVersion = 10.0.40219.1
Project("{FAE04EC0-301F-11D3-BF4B-00C04F79EFBC}") = "EStore", "Estore\EStore.csproj", "{0BA4AE55-1496-4D89-80B3-94BE11005D3A}"
EndProject
Project("{FAE04EC0-301F-11D3-BF4B-00C04F79EFBC}") = "BOL", "BOL\BOL.csproj", "{F5035191-21FC-4AE3-955E-BBFEEE857AE1}"
EndProject
Project("{FAE04EC0-301F-11D3-BF4B-00C04F79EFBC}") = "DAL", "DAL\DAL.csproj", "{2DAFE268-B60B-4F27-BC97-D929B5A3E78F}"
EndProject
Project("{FAE04EC0-301F-11D3-BF4B-00C04F79EFBC}") = "BLL", "BLL\BLL.csproj", "{07E324C7-7A45-4E6E-9811-FD202E323941}"
EndProject
Project("{FAE04EC0-301F-11D3-BF4B-00C04F79EFBC}") = "SAL", "SAL\SAL.csproj", "{E705D79F-4F30-464B-8546-0C6C35583221}"
EndProject
Project("{FAE04EC0-301F-11D3-BF4B-00C04F79EFBC}") = "TestApp", "TestApp\TestApp.csproj", "{1930E15B-4A28-4A6A-A9FD-D7D5BA5705F7}"
EndProject
Global
	GlobalSection(SolutionConfigurationPlatforms) = preSolution
		Debug|Any CPU = Debug|Any CPU
		Release|Any CPU = Release|Any CPU
	EndGlobalSection
	GlobalSection(SolutionProperties) = preSolution
		HideSolutionNode = FALSE
	EndGlobalSection
	GlobalSection(ProjectConfigurationPlatforms) = postSolution
		{0BA4AE55-1496-4D89-80B3-94BE11005D3A}.Debug|Any CPU.ActiveCfg = Debug|Any CPU
		{0BA4AE55-1496-4D89-80B3-94BE11005D3A}.Debug|Any CPU.Build.0 = Debug|Any CPU
		{0BA4AE55-1496-4D89-80B3-94BE11005D3A}.Release|Any CPU.ActiveCfg = Release|Any CPU
		{0BA4AE55-1496-4D89-80B3-94BE11005D3A}.Release|Any CPU.Build.0 = Release|Any CPU
		{F5035191-21FC-4AE3-955E-BBFEEE857AE1}.Debug|Any CPU.ActiveCfg = Debug|Any CPU
		{F5035191-21FC-4AE3-955E-BBFEEE857AE1}.Debug|Any CPU.Build.0 = Debug|Any CPU
		{F5035191-21FC-4AE3-955E-BBFEEE857AE1}.Release|Any CPU.ActiveCfg = Release|Any CPU
		{F5035191-21FC-4AE3-955E-BBFEEE857AE1}.Release|Any CPU.Build.0 = Release|Any CPU
		{2DAFE268-B60B-4F27-BC97-D929B5A3E78F}.Debug|Any CPU.ActiveCfg = Debug|Any CPU
		{2DAFE268-B60B-4F27-BC97-D929B5A3E78F}.Debug|Any CPU.Build.0 = Debug|Any CPU
		{2DAFE268-B60B-4F27-BC97-D929B5A3E78F}.Release|Any CPU.ActiveCfg = Release|Any CPU
		{2DAFE268-B60B-4F27-BC97-D929B5A3E78F}.Release|Any CPU.Build.0 = Release|Any CPU
		{07E324C7-7A45-4E6E-9811-FD202E323941}.Debug|Any CPU.ActiveCfg = Debug|Any CPU
		{07E324C7-7A45-4E6E-9811-FD202E323941}.Debug|Any CPU.Build.0 = Debug|Any CPU
		{07E324C7-7A45-4E6E-9811-FD202E323941}.Release|Any CPU.ActiveCfg = Release|Any CPU
		{07E324C7-7A45-4E6E-9811-FD202E323941}.Release|Any CPU.Build.0 = Release|Any CPU
		{E705D79F-4F30-464B-8546-0C6C35583221}.Debug|Any CPU.ActiveCfg = Debug|Any CPU
		{E705D79F-4F30-464B-8546-0C6C35583221}.Debug|Any CPU.Build.0 = Debug|Any CPU
		{E705D79F-4F30-464B-8546-0C6C35583221}.Release|Any CPU.ActiveCfg = Release|Any CPU
		{E705D79F-4F30-464B-8546-0C6C35583221}.Release|Any CPU.Build.0 = Release|Any CPU
		{1930E15B-4A28-4A6A-A9FD-D7D5BA5705F7}.Debug|Any CPU.ActiveCfg = Debug|Any CPU
		{1930E15B-4A28-4A6A-A9FD-D7D5BA5705F7}.Debug|Any CPU.Build.0 = Debug|Any CPU
		{1930E15B-4A28-4A6A-A9FD-D7D5BA5705F7}.Release|Any CPU.ActiveCfg = Release|Any CPU
		{1930E15B-4A28-4A6A-A9FD-D7D5BA5705F7}.Release|Any CPU.Build.0 = Release|Any CPU
	EndGlobalSection
EndGlobal
